
Microsoft Visual Studio Solution File, Format Version 12.00
# Visual Studio 15
VisualStudioVersion = 15.0.28307.271
MinimumVisualStudioVersion = 10.0.40219.1
Project("{FAE04EC0-301F-11D3-BF4B-00C04F79EFBC}") = "인사하기1", "인사하기1\인사하기1.csproj", "{74CFBBF4-16E5-4770-BB1A-EDFC47616CF2}"
EndProject
Global
	GlobalSection(SolutionConfigurationPlatforms) = preSolution
		Debug|Any CPU = Debug|Any CPU
		Release|Any CPU = Release|Any CPU
	EndGlobalSection
	GlobalSection(ProjectConfigurationPlatforms) = postSolution
		{74CFBBF4-16E5-4770-BB1A-EDFC47616CF2}.Debug|Any CPU.ActiveCfg = Debug|Any CPU
		{74CFBBF4-16E5-4770-BB1A-EDFC47616CF2}.Debug|Any CPU.Build.0 = Debug|Any CPU
		{74CFBBF4-16E5-4770-BB1A-EDFC47616CF2}.Release|Any CPU.ActiveCfg = Release|Any CPU
		{74CFBBF4-16E5-4770-BB1A-EDFC47616CF2}.Release|Any CPU.Build.0 = Release|Any CPU
	EndGlobalSection
	GlobalSection(SolutionProperties) = preSolution
		HideSolutionNode = FALSE
	EndGlobalSection
	GlobalSection(ExtensibilityGlobals) = postSolution
		SolutionGuid = {D58F963C-EE31-4C21-B043-D1E56506C8DB}
	EndGlobalSection
EndGlobal
